// !$*UTF8*$!
{
	archiveVersion = 1;
	classes = {
	};
	objectVersion = 46;
	objects = {

/* Begin PBXBuildFile section */
		6E30FA8F1B971747001210A0 /* main.m in Sources */ = {isa = PBXBuildFile; fileRef = 6E30FA8E1B971747001210A0 /* main.m */; };
		6E30FA921B971747001210A0 /* AppDelegate.mm in Sources */ = {isa = PBXBuildFile; fileRef = 6E30FA911B971747001210A0 /* AppDelegate.mm */; };
		6E30FA951B971747001210A0 /* ViewController.m in Sources */ = {isa = PBXBuildFile; fileRef = 6E30FA941B971747001210A0 /* ViewController.m */; };
		6E30FA981B971747001210A0 /* Main.storyboard in Resources */ = {isa = PBXBuildFile; fileRef = 6E30FA961B971747001210A0 /* Main.storyboard */; };
		6E30FA9A1B971747001210A0 /* Images.xcassets in Resources */ = {isa = PBXBuildFile; fileRef = 6E30FA991B971747001210A0 /* Images.xcassets */; };
		6E30FA9D1B971747001210A0 /* LaunchScreen.xib in Resources */ = {isa = PBXBuildFile; fileRef = 6E30FA9B1B971747001210A0 /* LaunchScreen.xib */; };
		6E30FAA91B971747001210A0 /* mapTestTests.m in Sources */ = {isa = PBXBuildFile; fileRef = 6E30FAA81B971747001210A0 /* mapTestTests.m */; };
		6E30FAB31B971767001210A0 /* BaiduMapAPI.framework in Frameworks */ = {isa = PBXBuildFile; fileRef = 6E30FAB21B971767001210A0 /* BaiduMapAPI.framework */; };
		6E30FAB51B97177A001210A0 /* mapapi.bundle in Resources */ = {isa = PBXBuildFile; fileRef = 6E30FAB41B97177A001210A0 /* mapapi.bundle */; };
		6E30FAB71B9717D6001210A0 /* CoreLocation.framework in Frameworks */ = {isa = PBXBuildFile; fileRef = 6E30FAB61B9717D6001210A0 /* CoreLocation.framework */; };
		6E30FAB91B9717E3001210A0 /* QuartzCore.framework in Frameworks */ = {isa = PBXBuildFile; fileRef = 6E30FAB81B9717E3001210A0 /* QuartzCore.framework */; };
		6E30FABB1B9717ED001210A0 /* OpenGLES.framework in Frameworks */ = {isa = PBXBuildFile; fileRef = 6E30FABA1B9717ED001210A0 /* OpenGLES.framework */; };
		6E30FABD1B9717F9001210A0 /* SystemConfiguration.framework in Frameworks */ = {isa = PBXBuildFile; fileRef = 6E30FABC1B9717F9001210A0 /* SystemConfiguration.framework */; };
		6E30FABF1B971800001210A0 /* CoreGraphics.framework in Frameworks */ = {isa = PBXBuildFile; fileRef = 6E30FABE1B971800001210A0 /* CoreGraphics.framework */; };
		6E30FAC11B971809001210A0 /* Security.framework in Frameworks */ = {isa = PBXBuildFile; fileRef = 6E30FAC01B971809001210A0 /* Security.framework */; };
/* End PBXBuildFile section */

/* Begin PBXContainerItemProxy section */
		6E30FAA31B971747001210A0 /* PBXContainerItemProxy */ = {
			isa = PBXContainerItemProxy;
			containerPortal = 6E30FA811B971747001210A0 /* Project object */;
			proxyType = 1;
			remoteGlobalIDString = 6E30FA881B971747001210A0;
			remoteInfo = mapTest;
		};
/* End PBXContainerItemProxy section */

/* Begin PBXFileReference section */
		6E30FA891B971747001210A0 /* mapTest.app */ = {isa = PBXFileReference; explicitFileType = wrapper.application; includeInIndex = 0; path = mapTest.app; sourceTree = BUILT_PRODUCTS_DIR; };
		6E30FA8D1B971747001210A0 /* Info.plist */ = {isa = PBXFileReference; lastKnownFileType = text.plist.xml; path = Info.plist; sourceTree = "<group>"; };
		6E30FA8E1B971747001210A0 /* main.m */ = {isa = PBXFileReference; lastKnownFileType = sourcecode.c.objc; path = main.m; sourceTree = "<group>"; };
		6E30FA901B971747001210A0 /* AppDelegate.h */ = {isa = PBXFileReference; lastKnownFileType = sourcecode.c.h; path = AppDelegate.h; sourceTree = "<group>"; };
		6E30FA911B971747001210A0 /* AppDelegate.mm */ = {isa = PBXFileReference; lastKnownFileType = sourcecode.cpp.objcpp; path = AppDelegate.mm; sourceTree = "<group>"; };
		6E30FA931B971747001210A0 /* ViewController.h */ = {isa = PBXFileReference; lastKnownFileType = sourcecode.c.h; path = ViewController.h; sourceTree = "<group>"; };
		6E30FA941B971747001210A0 /* ViewController.m */ = {isa = PBXFileReference; lastKnownFileType = sourcecode.c.objc; path = ViewController.m; sourceTree = "<group>"; };
		6E30FA971B971747001210A0 /* Base */ = {isa = PBXFileReference; lastKnownFileType = file.storyboard; name = Base; path = Base.lproj/Main.storyboard; sourceTree = "<group>"; };
		6E30FA991B971747001210A0 /* Images.xcassets */ = {isa = PBXFileReference; lastKnownFileType = folder.assetcatalog; path = Images.xcassets; sourceTree = "<group>"; };
		6E30FA9C1B971747001210A0 /* Base */ = {isa = PBXFileReference; lastKnownFileType = file.xib; name = Base; path = Base.lproj/LaunchScreen.xib; sourceTree = "<group>"; };
		6E30FAA21B971747001210A0 /* mapTestTests.xctest */ = {isa = PBXFileReference; explicitFileType = wrapper.cfbundle; includeInIndex = 0; path = mapTestTests.xctest; sourceTree = BUILT_PRODUCTS_DIR; };
		6E30FAA71B971747001210A0 /* Info.plist */ = {isa = PBXFileReference; lastKnownFileType = text.plist.xml; path = Info.plist; sourceTree = "<group>"; };
		6E30FAA81B971747001210A0 /* mapTestTests.m */ = {isa = PBXFileReference; lastKnownFileType = sourcecode.c.objc; path = mapTestTests.m; sourceTree = "<group>"; };
		6E30FAB21B971767001210A0 /* BaiduMapAPI.framework */ = {isa = PBXFileReference; lastKnownFileType = wrapper.framework; path = BaiduMapAPI.framework; sourceTree = "<group>"; };
		6E30FAB41B97177A001210A0 /* mapapi.bundle */ = {isa = PBXFileReference; lastKnownFileType = "wrapper.plug-in"; path = mapapi.bundle; sourceTree = "<group>"; };
		6E30FAB61B9717D6001210A0 /* CoreLocation.framework */ = {isa = PBXFileReference; lastKnownFileType = wrapper.framework; name = CoreLocation.framework; path = System/Library/Frameworks/CoreLocation.framework; sourceTree = SDKROOT; };
		6E30FAB81B9717E3001210A0 /* QuartzCore.framework */ = {isa = PBXFileReference; lastKnownFileType = wrapper.framework; name = QuartzCore.framework; path = System/Library/Frameworks/QuartzCore.framework; sourceTree = SDKROOT; };
		6E30FABA1B9717ED001210A0 /* OpenGLES.framework */ = {isa = PBXFileReference; lastKnownFileType = wrapper.framework; name = OpenGLES.framework; path = System/Library/Frameworks/OpenGLES.framework; sourceTree = SDKROOT; };
		6E30FABC1B9717F9001210A0 /* SystemConfiguration.framework */ = {isa = PBXFileReference; lastKnownFileType = wrapper.framework; name = SystemConfiguration.framework; path = System/Library/Frameworks/SystemConfiguration.framework; sourceTree = SDKROOT; };
		6E30FABE1B971800001210A0 /* CoreGraphics.framework */ = {isa = PBXFileReference; lastKnownFileType = wrapper.framework; name = CoreGraphics.framework; path = System/Library/Frameworks/CoreGraphics.framework; sourceTree = SDKROOT; };
		6E30FAC01B971809001210A0 /* Security.framework */ = {isa = PBXFileReference; lastKnownFileType = wrapper.framework; name = Security.framework; path = System/Library/Frameworks/Security.framework; sourceTree = SDKROOT; };
		6E30FAC21B971860001210A0 /* CommonHeaderForMap.h */ = {isa = PBXFileReference; fileEncoding = 4; lastKnownFileType = sourcecode.c.h; path = CommonHeaderForMap.h; sourceTree = "<group>"; };
/* End PBXFileReference section */

/* Begin PBXFrameworksBuildPhase section */
		6E30FA861B971747001210A0 /* Frameworks */ = {
			isa = PBXFrameworksBuildPhase;
			buildActionMask = 2147483647;
			files = (
				6E30FAC11B971809001210A0 /* Security.framework in Frameworks */,
				6E30FABF1B971800001210A0 /* CoreGraphics.framework in Frameworks */,
				6E30FABD1B9717F9001210A0 /* SystemConfiguration.framework in Frameworks */,
				6E30FABB1B9717ED001210A0 /* OpenGLES.framework in Frameworks */,
				6E30FAB91B9717E3001210A0 /* QuartzCore.framework in Frameworks */,
				6E30FAB71B9717D6001210A0 /* CoreLocation.framework in Frameworks */,
				6E30FAB31B971767001210A0 /* BaiduMapAPI.framework in Frameworks */,
			);
			runOnlyForDeploymentPostprocessing = 0;
		};
		6E30FA9F1B971747001210A0 /* Frameworks */ = {
			isa = PBXFrameworksBuildPhase;
			buildActionMask = 2147483647;
			files = (
			);
			runOnlyForDeploymentPostprocessing = 0;
		};
/* End PBXFrameworksBuildPhase section */

/* Begin PBXGroup section */
		6E30FA801B971747001210A0 = {
			isa = PBXGroup;
			children = (
				6E30FAC01B971809001210A0 /* Security.framework */,
				6E30FABE1B971800001210A0 /* CoreGraphics.framework */,
				6E30FABC1B9717F9001210A0 /* SystemConfiguration.framework */,
				6E30FABA1B9717ED001210A0 /* OpenGLES.framework */,
				6E30FAB81B9717E3001210A0 /* QuartzCore.framework */,
				6E30FAB61B9717D6001210A0 /* CoreLocation.framework */,
				6E30FAB41B97177A001210A0 /* mapapi.bundle */,
				6E30FAB21B971767001210A0 /* BaiduMapAPI.framework */,
				6E30FA8B1B971747001210A0 /* mapTest */,
				6E30FAA51B971747001210A0 /* mapTestTests */,
				6E30FA8A1B971747001210A0 /* Products */,
			);
			sourceTree = "<group>";
		};
		6E30FA8A1B971747001210A0 /* Products */ = {
			isa = PBXGroup;
			children = (
				6E30FA891B971747001210A0 /* mapTest.app */,
				6E30FAA21B971747001210A0 /* mapTestTests.xctest */,
			);
			name = Products;
			sourceTree = "<group>";
		};
		6E30FA8B1B971747001210A0 /* mapTest */ = {
			isa = PBXGroup;
			children = (
				6E30FA901B971747001210A0 /* AppDelegate.h */,
				6E30FA911B971747001210A0 /* AppDelegate.mm */,
				6E30FA931B971747001210A0 /* ViewController.h */,
				6E30FA941B971747001210A0 /* ViewController.m */,
				6E30FA961B971747001210A0 /* Main.storyboard */,
				6E30FA991B971747001210A0 /* Images.xcassets */,
				6E30FA9B1B971747001210A0 /* LaunchScreen.xib */,
				6E30FA8C1B971747001210A0 /* Supporting Files */,
				6E30FAC21B971860001210A0 /* CommonHeaderForMap.h */,
			);
			path = mapTest;
			sourceTree = "<group>";
		};
		6E30FA8C1B971747001210A0 /* Supporting Files */ = {
			isa = PBXGroup;
			children = (
				6E30FA8D1B971747001210A0 /* Info.plist */,
				6E30FA8E1B971747001210A0 /* main.m */,
			);
			name = "Supporting Files";
			sourceTree = "<group>";
		};
		6E30FAA51B971747001210A0 /* mapTestTests */ = {
			isa = PBXGroup;
			children = (
				6E30FAA81B971747001210A0 /* mapTestTests.m */,
				6E30FAA61B971747001210A0 /* Supporting Files */,
			);
			path = mapTestTests;
			sourceTree = "<group>";
		};
		6E30FAA61B971747001210A0 /* Supporting Files */ = {
			isa = PBXGroup;
			children = (
				6E30FAA71B971747001210A0 /* Info.plist */,
			);
			name = "Supporting Files";
			sourceTree = "<group>";
		};
/* End PBXGroup section */

/* Begin PBXNativeTarget section */
		6E30FA881B971747001210A0 /* mapTest */ = {
			isa = PBXNativeTarget;
			buildConfigurationList = 6E30FAAC1B971747001210A0 /* Build configuration list for PBXNativeTarget "mapTest" */;
			buildPhases = (
				6E30FA851B971747001210A0 /* Sources */,
				6E30FA861B971747001210A0 /* Frameworks */,
				6E30FA871B971747001210A0 /* Resources */,
			);
			buildRules = (
			);
			dependencies = (
			);
			name = mapTest;
			productName = mapTest;
			productReference = 6E30FA891B971747001210A0 /* mapTest.app */;
			productType = "com.apple.product-type.application";
		};
		6E30FAA11B971747001210A0 /* mapTestTests */ = {
			isa = PBXNativeTarget;
			buildConfigurationList = 6E30FAAF1B971747001210A0 /* Build configuration list for PBXNativeTarget "mapTestTests" */;
			buildPhases = (
				6E30FA9E1B971747001210A0 /* Sources */,
				6E30FA9F1B971747001210A0 /* Frameworks */,
				6E30FAA01B971747001210A0 /* Resources */,
			);
			buildRules = (
			);
			dependencies = (
				6E30FAA41B971747001210A0 /* PBXTargetDependency */,
			);
			name = mapTestTests;
			productName = mapTestTests;
			productReference = 6E30FAA21B971747001210A0 /* mapTestTests.xctest */;
			productType = "com.apple.product-type.bundle.unit-test";
		};
/* End PBXNativeTarget section */

/* Begin PBXProject section */
		6E30FA811B971747001210A0 /* Project object */ = {
			isa = PBXProject;
			attributes = {
				LastUpgradeCheck = 0640;
				ORGANIZATIONNAME = LeeYi;
				TargetAttributes = {
					6E30FA881B971747001210A0 = {
						CreatedOnToolsVersion = 6.4;
					};
					6E30FAA11B971747001210A0 = {
						CreatedOnToolsVersion = 6.4;
						TestTargetID = 6E30FA881B971747001210A0;
					};
				};
			};
			buildConfigurationList = 6E30FA841B971747001210A0 /* Build configuration list for PBXProject "mapTest" */;
			compatibilityVersion = "Xcode 3.2";
			developmentRegion = English;
			hasScannedForEncodings = 0;
			knownRegions = (
				en,
				Base,
			);
			mainGroup = 6E30FA801B971747001210A0;
			productRefGroup = 6E30FA8A1B971747001210A0 /* Products */;
			projectDirPath = "";
			projectRoot = "";
			targets = (
				6E30FA881B971747001210A0 /* mapTest */,
				6E30FAA11B971747001210A0 /* mapTestTests */,
			);
		};
/* End PBXProject section */

/* Begin PBXResourcesBuildPhase section */
		6E30FA871B971747001210A0 /* Resources */ = {
			isa = PBXResourcesBuildPhase;
			buildActionMask = 2147483647;
			files = (
				6E30FA981B971747001210A0 /* Main.storyboard in Resources */,
				6E30FAB51B97177A001210A0 /* mapapi.bundle in Resources */,
				6E30FA9D1B971747001210A0 /* LaunchScreen.xib in Resources */,
				6E30FA9A1B971747001210A0 /* Images.xcassets in Resources */,
			);
			runOnlyForDeploymentPostprocessing = 0;
		};
		6E30FAA01B971747001210A0 /* Resources */ = {
			isa = PBXResourcesBuildPhase;
			buildActionMask = 2147483647;
			files = (
			);
			runOnlyForDeploymentPostprocessing = 0;
		};
/* End PBXResourcesBuildPhase section */

/* Begin PBXSourcesBuildPhase section */
		6E30FA851B971747001210A0 /* Sources */ = {
			isa = PBXSourcesBuildPhase;
			buildActionMask = 2147483647;
			files = (
				6E30FA951B971747001210A0 /* ViewController.m in Sources */,
				6E30FA921B971747001210A0 /* AppDelegate.mm in Sources */,
				6E30FA8F1B971747001210A0 /* main.m in Sources */,
			);
			runOnlyForDeploymentPostprocessing = 0;
		};
		6E30FA9E1B971747001210A0 /* Sources */ = {
			isa = PBXSourcesBuildPhase;
			buildActionMask = 2147483647;
			files = (
				6E30FAA91B971747001210A0 /* mapTestTests.m in Sources */,
			);
			runOnlyForDeploymentPostprocessing = 0;
		};
/* End PBXSourcesBuildPhase section */

/* Begin PBXTargetDependency section */
		6E30FAA41B971747001210A0 /* PBXTargetDependency */ = {
			isa = PBXTargetDependency;
			target = 6E30FA881B971747001210A0 /* mapTest */;
			targetProxy = 6E30FAA31B971747001210A0 /* PBXContainerItemProxy */;
		};
/* End PBXTargetDependency section */

/* Begin PBXVariantGroup section */
		6E30FA961B971747001210A0 /* Main.storyboard */ = {
			isa = PBXVariantGroup;
			children = (
				6E30FA971B971747001210A0 /* Base */,
			);
			name = Main.storyboard;
			sourceTree = "<group>";
		};
		6E30FA9B1B971747001210A0 /* LaunchScreen.xib */ = {
			isa = PBXVariantGroup;
			children = (
				6E30FA9C1B971747001210A0 /* Base */,
			);
			name = LaunchScreen.xib;
			sourceTree = "<group>";
		};
/* End PBXVariantGroup section */

/* Begin XCBuildConfiguration section */
		6E30FAAA1B971747001210A0 /* Debug */ = {
			isa = XCBuildConfiguration;
			buildSettings = {
				ALWAYS_SEARCH_USER_PATHS = NO;
				CLANG_CXX_LANGUAGE_STANDARD = "gnu++0x";
				CLANG_CXX_LIBRARY = "libc++";
				CLANG_ENABLE_MODULES = YES;
				CLANG_ENABLE_OBJC_ARC = YES;
				CLANG_WARN_BOOL_CONVERSION = YES;
				CLANG_WARN_CONSTANT_CONVERSION = YES;
				CLANG_WARN_DIRECT_OBJC_ISA_USAGE = YES_ERROR;
				CLANG_WARN_EMPTY_BODY = YES;
				CLANG_WARN_ENUM_CONVERSION = YES;
				CLANG_WARN_INT_CONVERSION = YES;
				CLANG_WARN_OBJC_ROOT_CLASS = YES_ERROR;
				CLANG_WARN_UNREACHABLE_CODE = YES;
				CLANG_WARN__DUPLICATE_METHOD_MATCH = YES;
				"CODE_SIGN_IDENTITY[sdk=iphoneos*]" = "iPhone Developer";
				COPY_PHASE_STRIP = NO;
				DEBUG_INFORMATION_FORMAT = "dwarf-with-dsym";
				ENABLE_STRICT_OBJC_MSGSEND = YES;
				GCC_C_LANGUAGE_STANDARD = gnu99;
				GCC_DYNAMIC_NO_PIC = NO;
				GCC_NO_COMMON_BLOCKS = YES;
				GCC_OPTIMIZATION_LEVEL = 0;
				GCC_PREPROCESSOR_DEFINITIONS = (
					"DEBUG=1",
					"$(inherited)",
				);
				GCC_SYMBOLS_PRIVATE_EXTERN = NO;
				GCC_WARN_64_TO_32_BIT_CONVERSION = YES;
				GCC_WARN_ABOUT_RETURN_TYPE = YES_ERROR;
				GCC_WARN_UNDECLARED_SELECTOR = YES;
				GCC_WARN_UNINITIALIZED_AUTOS = YES_AGGRESSIVE;
				GCC_WARN_UNUSED_FUNCTION = YES;
				GCC_WARN_UNUSED_VARIABLE = YES;
				IPHONEOS_DEPLOYMENT_TARGET = 8.4;
				MTL_ENABLE_DEBUG_INFO = YES;
				ONLY_ACTIVE_ARCH = YES;
				SDKROOT = iphoneos;
				TARGETED_DEVICE_FAMILY = "1,2";
			};
			name = Debug;
		};
		6E30FAAB1B971747001210A0 /* Release */ = {
			isa = XCBuildConfiguration;
			buildSettings = {
				ALWAYS_SEARCH_USER_PATHS = NO;
				CLANG_CXX_LANGUAGE_STANDARD = "gnu++0x";
				CLANG_CXX_LIBRARY = "libc++";
				CLANG_ENABLE_MODULES = YES;
				CLANG_ENABLE_OBJC_ARC = YES;
				CLANG_WARN_BOOL_CONVERSION = YES;
				CLANG_WARN_CONSTANT_CONVERSION = YES;
				CLANG_WARN_DIRECT_OBJC_ISA_USAGE = YES_ERROR;
				CLANG_WARN_EMPTY_BODY = YES;
				CLANG_WARN_ENUM_CONVERSION = YES;
				CLANG_WARN_INT_CONVERSION = YES;
				CLANG_WARN_OBJC_ROOT_CLASS = YES_ERROR;
				CLANG_WARN_UNREACHABLE_CODE = YES;
				CLANG_WARN__DUPLICATE_METHOD_MATCH = YES;
				"CODE_SIGN_IDENTITY[sdk=iphoneos*]" = "iPhone Developer";
				COPY_PHASE_STRIP = NO;
				DEBUG_INFORMATION_FORMAT = "dwarf-with-dsym";
				ENABLE_NS_ASSERTIONS = NO;
				ENABLE_STRICT_OBJC_MSGSEND = YES;
				GCC_C_LANGUAGE_STANDARD = gnu99;
				GCC_NO_COMMON_BLOCKS = YES;
				GCC_WARN_64_TO_32_BIT_CONVERSION = YES;
				GCC_WARN_ABOUT_RETURN_TYPE = YES_ERROR;
				GCC_WARN_UNDECLARED_SELECTOR = YES;
				GCC_WARN_UNINITIALIZED_AUTOS = YES_AGGRESSIVE;
				GCC_WARN_UNUSED_FUNCTION = YES;
				GCC_WARN_UNUSED_VARIABLE = YES;
				IPHONEOS_DEPLOYMENT_TARGET = 8.4;
				MTL_ENABLE_DEBUG_INFO = NO;
				SDKROOT = iphoneos;
				TARGETED_DEVICE_FAMILY = "1,2";
				VALIDATE_PRODUCT = YES;
			};
			name = Release;
		};
		6E30FAAD1B971747001210A0 /* Debug */ = {
			isa = XCBuildConfiguration;
			buildSettings = {
				ASSETCATALOG_COMPILER_APPICON_NAME = AppIcon;
				FRAMEWORK_SEARCH_PATHS = (
					"$(inherited)",
					"$(PROJECT_DIR)",
				);
				INFOPLIST_FILE = mapTest/Info.plist;
				LD_RUNPATH_SEARCH_PATHS = "$(inherited) @executable_path/Frameworks";
				OTHER_LDFLAGS = "-ObjC";
				PRODUCT_NAME = "$(TARGET_NAME)";
			};
			name = Debug;
		};
		6E30FAAE1B971747001210A0 /* Release */ = {
			isa = XCBuildConfiguration;
			buildSettings = {
				ASSETCATALOG_COMPILER_APPICON_NAME = AppIcon;
				FRAMEWORK_SEARCH_PATHS = (
					"$(inherited)",
					"$(PROJECT_DIR)",
				);
				INFOPLIST_FILE = mapTest/Info.plist;
				LD_RUNPATH_SEARCH_PATHS = "$(inherited) @executable_path/Frameworks";
				OTHER_LDFLAGS = "-ObjC";
				PRODUCT_NAME = "$(TARGET_NAME)";
			};
			name = Release;
		};
		6E30FAB01B971747001210A0 /* Debug */ = {
			isa = XCBuildConfiguration;
			buildSettings = {
				BUNDLE_LOADER = "$(TEST_HOST)";
				FRAMEWORK_SEARCH_PATHS = (
					"$(SDKROOT)/Developer/Library/Frameworks",
					"$(inherited)",
				);
				GCC_PREPROCESSOR_DEFINITIONS = (
					"DEBUG=1",
					"$(inherited)",
				);
				INFOPLIST_FILE = mapTestTests/Info.plist;
				LD_RUNPATH_SEARCH_PATHS = "$(inherited) @executable_path/Frameworks @loader_path/Frameworks";
				PRODUCT_NAME = "$(TARGET_NAME)";
				TEST_HOST = "$(BUILT_PRODUCTS_DIR)/mapTest.app/mapTest";
			};
			name = Debug;
		};
		6E30FAB11B971747001210A0 /* Release */ = {
			isa = XCBuildConfiguration;
			buildSettings = {
				BUNDLE_LOADER = "$(TEST_HOST)";
				FRAMEWORK_SEARCH_PATHS = (
					"$(SDKROOT)/Developer/Library/Frameworks",
					"$(inherited)",
				);
				INFOPLIST_FILE = mapTestTests/Info.plist;
				LD_RUNPATH_SEARCH_PATHS = "$(inherited) @executable_path/Frameworks @loader_path/Frameworks";
				PRODUCT_NAME = "$(TARGET_NAME)";
				TEST_HOST = "$(BUILT_PRODUCTS_DIR)/mapTest.app/mapTest";
			};
			name = Release;
		};
/* End XCBuildConfiguration section */

/* Begin XCConfigurationList section */
		6E30FA841B971747001210A0 /* Build configuration list for PBXProject "mapTest" */ = {
			isa = XCConfigurationList;
			buildConfigurations = (
				6E30FAAA1B971747001210A0 /* Debug */,
				6E30FAAB1B971747001210A0 /* Release */,
			);
			defaultConfigurationIsVisible = 0;
			defaultConfigurationName = Release;
		};
		6E30FAAC1B971747001210A0 /* Build configuration list for PBXNativeTarget "mapTest" */ = {
			isa = XCConfigurationList;
			buildConfigurations = (
				6E30FAAD1B971747001210A0 /* Debug */,
				6E30FAAE1B971747001210A0 /* Release */,
			);
			defaultConfigurationIsVisible = 0;
		};
		6E30FAAF1B971747001210A0 /* Build configuration list for PBXNativeTarget "mapTestTests" */ = {
			isa = XCConfigurationList;
			buildConfigurations = (
				6E30FAB01B971747001210A0 /* Debug */,
				6E30FAB11B971747001210A0 /* Release */,
			);
			defaultConfigurationIsVisible = 0;
		};
/* End XCConfigurationList section */
	};
	rootObject = 6E30FA811B971747001210A0 /* Project object */;
}
